
Microsoft Visual Studio Solution File, Format Version 12.00
# Visual Studio Version 16
VisualStudioVersion = 16.0.31321.278
MinimumVisualStudioVersion = 10.0.40219.1
Project("{9A19103F-16F7-4668-BE54-9A1E7A4F7556}") = "Legalios", "proj\legalios\Legalios.csproj", "{05BF4ADB-6A9E-4C3D-B838-73BDC6C7BD3B}"
EndProject
Project("{2150E333-8FDC-42A3-9474-1A3956D46DE8}") = "proj", "proj", "{5636ED49-DD01-4868-BBA8-BAF5CBD4243F}"
EndProject
Project("{2150E333-8FDC-42A3-9474-1A3956D46DE8}") = "test", "test", "{C39B091F-B53F-4B89-869E-FE37B34030DC}"
EndProject
Project("{9A19103F-16F7-4668-BE54-9A1E7A4F7556}") = "LegaliosTests", "test\legalios\LegaliosTests.csproj", "{050C23FE-1E2C-4571-BF15-144AA2B7B7C0}"
EndProject
Global
	GlobalSection(SolutionConfigurationPlatforms) = preSolution
		Debug|Any CPU = Debug|Any CPU
		Release|Any CPU = Release|Any CPU
	EndGlobalSection
	GlobalSection(ProjectConfigurationPlatforms) = postSolution
		{05BF4ADB-6A9E-4C3D-B838-73BDC6C7BD3B}.Debug|Any CPU.ActiveCfg = Debug|Any CPU
		{05BF4ADB-6A9E-4C3D-B838-73BDC6C7BD3B}.Debug|Any CPU.Build.0 = Debug|Any CPU
		{05BF4ADB-6A9E-4C3D-B838-73BDC6C7BD3B}.Release|Any CPU.ActiveCfg = Release|Any CPU
		{05BF4ADB-6A9E-4C3D-B838-73BDC6C7BD3B}.Release|Any CPU.Build.0 = Release|Any CPU
		{050C23FE-1E2C-4571-BF15-144AA2B7B7C0}.Debug|Any CPU.ActiveCfg = Debug|Any CPU
		{050C23FE-1E2C-4571-BF15-144AA2B7B7C0}.Debug|Any CPU.Build.0 = Debug|Any CPU
		{050C23FE-1E2C-4571-BF15-144AA2B7B7C0}.Release|Any CPU.ActiveCfg = Release|Any CPU
		{050C23FE-1E2C-4571-BF15-144AA2B7B7C0}.Release|Any CPU.Build.0 = Release|Any CPU
	EndGlobalSection
	GlobalSection(SolutionProperties) = preSolution
		HideSolutionNode = FALSE
	EndGlobalSection
	GlobalSection(NestedProjects) = preSolution
		{05BF4ADB-6A9E-4C3D-B838-73BDC6C7BD3B} = {5636ED49-DD01-4868-BBA8-BAF5CBD4243F}
		{050C23FE-1E2C-4571-BF15-144AA2B7B7C0} = {C39B091F-B53F-4B89-869E-FE37B34030DC}
	EndGlobalSection
	GlobalSection(ExtensibilityGlobals) = postSolution
		SolutionGuid = {979140D5-C856-46CA-A5A5-AE69FC1D2B04}
	EndGlobalSection
EndGlobal
